
Microsoft Visual Studio Solution File, Format Version 12.00
# Visual Studio Version 16
VisualStudioVersion = 16.0.30717.126
MinimumVisualStudioVersion = 10.0.40219.1
Project("{FAE04EC0-301F-11D3-BF4B-00C04F79EFBC}") = "DeveloperChallange.Test", "DeveloperChallange.Test\DeveloperChallange.Test.csproj", "{8D3B6D50-CBB8-4725-8C4E-F994D54D383B}"
EndProject
Project("{FAE04EC0-301F-11D3-BF4B-00C04F79EFBC}") = "DeveloperChallange", "DeveloperChallange\DeveloperChallange.csproj", "{9A15F7BE-786B-4BE1-A90C-E66961363D86}"
EndProject
Global
	GlobalSection(SolutionConfigurationPlatforms) = preSolution
		Debug|Any CPU = Debug|Any CPU
		Release|Any CPU = Release|Any CPU
	EndGlobalSection
	GlobalSection(ProjectConfigurationPlatforms) = postSolution
		{8D3B6D50-CBB8-4725-8C4E-F994D54D383B}.Debug|Any CPU.ActiveCfg = Debug|Any CPU
		{8D3B6D50-CBB8-4725-8C4E-F994D54D383B}.Debug|Any CPU.Build.0 = Debug|Any CPU
		{8D3B6D50-CBB8-4725-8C4E-F994D54D383B}.Release|Any CPU.ActiveCfg = Release|Any CPU
		{8D3B6D50-CBB8-4725-8C4E-F994D54D383B}.Release|Any CPU.Build.0 = Release|Any CPU
		{9A15F7BE-786B-4BE1-A90C-E66961363D86}.Debug|Any CPU.ActiveCfg = Debug|Any CPU
		{9A15F7BE-786B-4BE1-A90C-E66961363D86}.Debug|Any CPU.Build.0 = Debug|Any CPU
		{9A15F7BE-786B-4BE1-A90C-E66961363D86}.Release|Any CPU.ActiveCfg = Release|Any CPU
		{9A15F7BE-786B-4BE1-A90C-E66961363D86}.Release|Any CPU.Build.0 = Release|Any CPU
	EndGlobalSection
	GlobalSection(SolutionProperties) = preSolution
		HideSolutionNode = FALSE
	EndGlobalSection
	GlobalSection(ExtensibilityGlobals) = postSolution
		SolutionGuid = {DA3871C6-2A3E-4FF4-B4D8-E319EA7CE1FD}
	EndGlobalSection
EndGlobal
